
Microsoft Visual Studio Solution File, Format Version 12.00
# Visual Studio Version 17
VisualStudioVersion = 17.11.35219.272
MinimumVisualStudioVersion = 10.0.40219.1
Project("{9A19103F-16F7-4668-BE54-9A1E7A4F7556}") = "App.Repositories", "Repositories\App.Repositories.csproj", "{CB2F61DE-960B-4B25-8AEB-7F9FBE7E7732}"
EndProject
Project("{9A19103F-16F7-4668-BE54-9A1E7A4F7556}") = "App.Services", "Services\App.Services.csproj", "{0A74DF00-79E6-4374-A187-87563AAFDED3}"
EndProject
Project("{9A19103F-16F7-4668-BE54-9A1E7A4F7556}") = "App.API", "App.API\App.API.csproj", "{80E55317-DD5A-4C57-B634-4828E63EA48E}"
EndProject
Project("{2150E333-8FDC-42A3-9474-1A3956D46DE8}") = "NLayer", "NLayer", "{B2E6C6C5-3B04-4709-8EFB-226700062A92}"
EndProject
Project("{2150E333-8FDC-42A3-9474-1A3956D46DE8}") = "CleanArchitecture", "CleanArchitecture", "{89AF08DD-20CF-4E18-8839-574825DC5118}"
EndProject
Project("{2150E333-8FDC-42A3-9474-1A3956D46DE8}") = "Src", "Src", "{5316B8DF-187E-4C64-97BD-AE057D9E5CF8}"
EndProject
Project("{2150E333-8FDC-42A3-9474-1A3956D46DE8}") = "Test", "Test", "{21C42F36-239D-4A1C-BDC7-4196EF614BA2}"
EndProject
Project("{2150E333-8FDC-42A3-9474-1A3956D46DE8}") = "Core", "Core", "{BF965AED-62B5-423A-9E4A-65BD15E04D3D}"
EndProject
Project("{9A19103F-16F7-4668-BE54-9A1E7A4F7556}") = "App.Domain", "App.Domain\App.Domain.csproj", "{E357D17A-C2A5-4032-BEB3-45E18D1EAC14}"
EndProject
Project("{9A19103F-16F7-4668-BE54-9A1E7A4F7556}") = "App.Application", "App.Application\App.Application.csproj", "{CA6E4B28-54BC-4618-99B8-CA4DF1F28786}"
EndProject
Project("{2150E333-8FDC-42A3-9474-1A3956D46DE8}") = "Infrastructure", "Infrastructure", "{E19ACEDE-29C6-4DE9-8D73-7B583251CF49}"
EndProject
Project("{9A19103F-16F7-4668-BE54-9A1E7A4F7556}") = "App.Persistence", "App.Persistence\App.Persistence.csproj", "{982EC7C0-D475-4B0D-BAB8-72D7E68AE4DF}"
EndProject
Project("{2150E333-8FDC-42A3-9474-1A3956D46DE8}") = "API", "API", "{3A184F76-D9A7-4A61-BBF1-597E25B49D43}"
EndProject
Project("{9A19103F-16F7-4668-BE54-9A1E7A4F7556}") = "CleanApp.API", "CleanApp.API\CleanApp.API.csproj", "{925C330E-7A33-4001-8A8F-5CF0EDE6351C}"
EndProject
Project("{FAE04EC0-301F-11D3-BF4B-00C04F79EFBC}") = "App.Caching", "App.Caching\App.Caching.csproj", "{B03133EE-6B35-4733-BF81-B2462BB89490}"
EndProject
Project("{FAE04EC0-301F-11D3-BF4B-00C04F79EFBC}") = "App.Bus", "App.Bus\App.Bus.csproj", "{EC951C83-F4FA-4A51-934F-5B1DFE50012D}"
EndProject
Global
	GlobalSection(SolutionConfigurationPlatforms) = preSolution
		Debug|Any CPU = Debug|Any CPU
		Release|Any CPU = Release|Any CPU
	EndGlobalSection
	GlobalSection(ProjectConfigurationPlatforms) = postSolution
		{CB2F61DE-960B-4B25-8AEB-7F9FBE7E7732}.Debug|Any CPU.ActiveCfg = Debug|Any CPU
		{CB2F61DE-960B-4B25-8AEB-7F9FBE7E7732}.Debug|Any CPU.Build.0 = Debug|Any CPU
		{CB2F61DE-960B-4B25-8AEB-7F9FBE7E7732}.Release|Any CPU.ActiveCfg = Release|Any CPU
		{CB2F61DE-960B-4B25-8AEB-7F9FBE7E7732}.Release|Any CPU.Build.0 = Release|Any CPU
		{0A74DF00-79E6-4374-A187-87563AAFDED3}.Debug|Any CPU.ActiveCfg = Debug|Any CPU
		{0A74DF00-79E6-4374-A187-87563AAFDED3}.Debug|Any CPU.Build.0 = Debug|Any CPU
		{0A74DF00-79E6-4374-A187-87563AAFDED3}.Release|Any CPU.ActiveCfg = Release|Any CPU
		{0A74DF00-79E6-4374-A187-87563AAFDED3}.Release|Any CPU.Build.0 = Release|Any CPU
		{80E55317-DD5A-4C57-B634-4828E63EA48E}.Debug|Any CPU.ActiveCfg = Debug|Any CPU
		{80E55317-DD5A-4C57-B634-4828E63EA48E}.Debug|Any CPU.Build.0 = Debug|Any CPU
		{80E55317-DD5A-4C57-B634-4828E63EA48E}.Release|Any CPU.ActiveCfg = Release|Any CPU
		{80E55317-DD5A-4C57-B634-4828E63EA48E}.Release|Any CPU.Build.0 = Release|Any CPU
		{E357D17A-C2A5-4032-BEB3-45E18D1EAC14}.Debug|Any CPU.ActiveCfg = Debug|Any CPU
		{E357D17A-C2A5-4032-BEB3-45E18D1EAC14}.Debug|Any CPU.Build.0 = Debug|Any CPU
		{E357D17A-C2A5-4032-BEB3-45E18D1EAC14}.Release|Any CPU.ActiveCfg = Release|Any CPU
		{E357D17A-C2A5-4032-BEB3-45E18D1EAC14}.Release|Any CPU.Build.0 = Release|Any CPU
		{CA6E4B28-54BC-4618-99B8-CA4DF1F28786}.Debug|Any CPU.ActiveCfg = Debug|Any CPU
		{CA6E4B28-54BC-4618-99B8-CA4DF1F28786}.Debug|Any CPU.Build.0 = Debug|Any CPU
		{CA6E4B28-54BC-4618-99B8-CA4DF1F28786}.Release|Any CPU.ActiveCfg = Release|Any CPU
		{CA6E4B28-54BC-4618-99B8-CA4DF1F28786}.Release|Any CPU.Build.0 = Release|Any CPU
		{982EC7C0-D475-4B0D-BAB8-72D7E68AE4DF}.Debug|Any CPU.ActiveCfg = Debug|Any CPU
		{982EC7C0-D475-4B0D-BAB8-72D7E68AE4DF}.Debug|Any CPU.Build.0 = Debug|Any CPU
		{982EC7C0-D475-4B0D-BAB8-72D7E68AE4DF}.Release|Any CPU.ActiveCfg = Release|Any CPU
		{982EC7C0-D475-4B0D-BAB8-72D7E68AE4DF}.Release|Any CPU.Build.0 = Release|Any CPU
		{925C330E-7A33-4001-8A8F-5CF0EDE6351C}.Debug|Any CPU.ActiveCfg = Debug|Any CPU
		{925C330E-7A33-4001-8A8F-5CF0EDE6351C}.Debug|Any CPU.Build.0 = Debug|Any CPU
		{925C330E-7A33-4001-8A8F-5CF0EDE6351C}.Release|Any CPU.ActiveCfg = Release|Any CPU
		{925C330E-7A33-4001-8A8F-5CF0EDE6351C}.Release|Any CPU.Build.0 = Release|Any CPU
		{B03133EE-6B35-4733-BF81-B2462BB89490}.Debug|Any CPU.ActiveCfg = Debug|Any CPU
		{B03133EE-6B35-4733-BF81-B2462BB89490}.Debug|Any CPU.Build.0 = Debug|Any CPU
		{B03133EE-6B35-4733-BF81-B2462BB89490}.Release|Any CPU.ActiveCfg = Release|Any CPU
		{B03133EE-6B35-4733-BF81-B2462BB89490}.Release|Any CPU.Build.0 = Release|Any CPU
		{EC951C83-F4FA-4A51-934F-5B1DFE50012D}.Debug|Any CPU.ActiveCfg = Debug|Any CPU
		{EC951C83-F4FA-4A51-934F-5B1DFE50012D}.Debug|Any CPU.Build.0 = Debug|Any CPU
		{EC951C83-F4FA-4A51-934F-5B1DFE50012D}.Release|Any CPU.ActiveCfg = Release|Any CPU
		{EC951C83-F4FA-4A51-934F-5B1DFE50012D}.Release|Any CPU.Build.0 = Release|Any CPU
	EndGlobalSection
	GlobalSection(SolutionProperties) = preSolution
		HideSolutionNode = FALSE
	EndGlobalSection
	GlobalSection(NestedProjects) = preSolution
		{CB2F61DE-960B-4B25-8AEB-7F9FBE7E7732} = {B2E6C6C5-3B04-4709-8EFB-226700062A92}
		{0A74DF00-79E6-4374-A187-87563AAFDED3} = {B2E6C6C5-3B04-4709-8EFB-226700062A92}
		{80E55317-DD5A-4C57-B634-4828E63EA48E} = {B2E6C6C5-3B04-4709-8EFB-226700062A92}
		{5316B8DF-187E-4C64-97BD-AE057D9E5CF8} = {89AF08DD-20CF-4E18-8839-574825DC5118}
		{21C42F36-239D-4A1C-BDC7-4196EF614BA2} = {89AF08DD-20CF-4E18-8839-574825DC5118}
		{BF965AED-62B5-423A-9E4A-65BD15E04D3D} = {5316B8DF-187E-4C64-97BD-AE057D9E5CF8}
		{E357D17A-C2A5-4032-BEB3-45E18D1EAC14} = {BF965AED-62B5-423A-9E4A-65BD15E04D3D}
		{CA6E4B28-54BC-4618-99B8-CA4DF1F28786} = {BF965AED-62B5-423A-9E4A-65BD15E04D3D}
		{E19ACEDE-29C6-4DE9-8D73-7B583251CF49} = {5316B8DF-187E-4C64-97BD-AE057D9E5CF8}
		{982EC7C0-D475-4B0D-BAB8-72D7E68AE4DF} = {E19ACEDE-29C6-4DE9-8D73-7B583251CF49}
		{3A184F76-D9A7-4A61-BBF1-597E25B49D43} = {5316B8DF-187E-4C64-97BD-AE057D9E5CF8}
		{925C330E-7A33-4001-8A8F-5CF0EDE6351C} = {3A184F76-D9A7-4A61-BBF1-597E25B49D43}
		{B03133EE-6B35-4733-BF81-B2462BB89490} = {E19ACEDE-29C6-4DE9-8D73-7B583251CF49}
		{EC951C83-F4FA-4A51-934F-5B1DFE50012D} = {E19ACEDE-29C6-4DE9-8D73-7B583251CF49}
	EndGlobalSection
	GlobalSection(ExtensibilityGlobals) = postSolution
		SolutionGuid = {F95EE49E-B9B2-40BE-AD38-566C05BD0FF3}
	EndGlobalSection
EndGlobal
